
Microsoft Visual Studio Solution File, Format Version 12.00
# Visual Studio 15
Project("{FAE04EC0-301F-11D3-BF4B-00C04F79EFBC}") = "3-D Anaglyph Test", "Assembly-CSharp.csproj", "{DB43C0C6-750D-12BC-0732-A973BBD74B1A}"
EndProject
Global
	GlobalSection(SolutionConfigurationPlatforms) = preSolution
		Debug|Any CPU = Debug|Any CPU
		Release|Any CPU = Release|Any CPU
	EndGlobalSection
	GlobalSection(ProjectConfigurationPlatforms) = postSolution
		{DB43C0C6-750D-12BC-0732-A973BBD74B1A}.Debug|Any CPU.ActiveCfg = Debug|Any CPU
		{DB43C0C6-750D-12BC-0732-A973BBD74B1A}.Debug|Any CPU.Build.0 = Debug|Any CPU
		{DB43C0C6-750D-12BC-0732-A973BBD74B1A}.Release|Any CPU.ActiveCfg = Release|Any CPU
		{DB43C0C6-750D-12BC-0732-A973BBD74B1A}.Release|Any CPU.Build.0 = Release|Any CPU
	EndGlobalSection
	GlobalSection(SolutionProperties) = preSolution
		HideSolutionNode = FALSE
	EndGlobalSection
EndGlobal
